// !$*UTF8*$!
{
	archiveVersion = 1;
	classes = {
	};
	objectVersion = 46;
	objects = {

/* Begin PBXBuildFile section */
		2A252CDB1AA166A7004BAB9C /* PierFont.m in Sources */ = {isa = PBXBuildFile; fileRef = 2A252CDA1AA166A7004BAB9C /* PierFont.m */; };
		2A252CDC1AA166A7004BAB9C /* PierFont.m in Sources */ = {isa = PBXBuildFile; fileRef = 2A252CDA1AA166A7004BAB9C /* PierFont.m */; };
		2A252D061AA19893004BAB9C /* btn_close@2x.png in Resources */ = {isa = PBXBuildFile; fileRef = 2A252D051AA19893004BAB9C /* btn_close@2x.png */; };
		2A252D081AA198BE004BAB9C /* btn_close@3x.png in Resources */ = {isa = PBXBuildFile; fileRef = 2A252D071AA198BE004BAB9C /* btn_close@3x.png */; };
		2A252D0B1AA199A4004BAB9C /* keypaddelete@2x.png in Resources */ = {isa = PBXBuildFile; fileRef = 2A252D091AA199A4004BAB9C /* keypaddelete@2x.png */; };
		2A252D0C1AA199A4004BAB9C /* keypaddelete@3x.png in Resources */ = {isa = PBXBuildFile; fileRef = 2A252D0A1AA199A4004BAB9C /* keypaddelete@3x.png */; };
		2A252D1B1AA19B82004BAB9C /* back@2x.png in Resources */ = {isa = PBXBuildFile; fileRef = 2A252D0D1AA19B82004BAB9C /* back@2x.png */; };
		2A252D1C1AA19B82004BAB9C /* back@3x.png in Resources */ = {isa = PBXBuildFile; fileRef = 2A252D0E1AA19B82004BAB9C /* back@3x.png */; };
		2A252D1D1AA19B82004BAB9C /* btn_next@2x.png in Resources */ = {isa = PBXBuildFile; fileRef = 2A252D0F1AA19B82004BAB9C /* btn_next@2x.png */; };
		2A252D1E1AA19B82004BAB9C /* btn_next@3x.png in Resources */ = {isa = PBXBuildFile; fileRef = 2A252D101AA19B82004BAB9C /* btn_next@3x.png */; };
		2A252D1F1AA19B82004BAB9C /* btn_resend@2x.png in Resources */ = {isa = PBXBuildFile; fileRef = 2A252D111AA19B82004BAB9C /* btn_resend@2x.png */; };
		2A252D201AA19B82004BAB9C /* btn_resend@3x.png in Resources */ = {isa = PBXBuildFile; fileRef = 2A252D121AA19B82004BAB9C /* btn_resend@3x.png */; };
		2A252D211AA19B82004BAB9C /* icon_logopurple@2x.png in Resources */ = {isa = PBXBuildFile; fileRef = 2A252D131AA19B82004BAB9C /* icon_logopurple@2x.png */; };
		2A252D221AA19B82004BAB9C /* icon_logopurple@3x.png in Resources */ = {isa = PBXBuildFile; fileRef = 2A252D141AA19B82004BAB9C /* icon_logopurple@3x.png */; };
		2A252D231AA19B82004BAB9C /* icon_logowhite@2x.png in Resources */ = {isa = PBXBuildFile; fileRef = 2A252D151AA19B82004BAB9C /* icon_logowhite@2x.png */; };
		2A252D241AA19B82004BAB9C /* icon_logowhite@3x.png in Resources */ = {isa = PBXBuildFile; fileRef = 2A252D161AA19B82004BAB9C /* icon_logowhite@3x.png */; };
		2A252D251AA19B82004BAB9C /* icon_smscode@2x.png in Resources */ = {isa = PBXBuildFile; fileRef = 2A252D171AA19B82004BAB9C /* icon_smscode@2x.png */; };
		2A252D271AA19B82004BAB9C /* sdk-help@2x.png in Resources */ = {isa = PBXBuildFile; fileRef = 2A252D191AA19B82004BAB9C /* sdk-help@2x.png */; };
		2A252D281AA19B82004BAB9C /* sdk-help@3x.png in Resources */ = {isa = PBXBuildFile; fileRef = 2A252D1A1AA19B82004BAB9C /* sdk-help@3x.png */; };
		2A252D2A1AA19BC3004BAB9C /* icon_smscode@3x.png in Resources */ = {isa = PBXBuildFile; fileRef = 2A252D291AA19BC3004BAB9C /* icon_smscode@3x.png */; };
		2A252D321AA1AF4C004BAB9C /* PIRViewUtil.m in Sources */ = {isa = PBXBuildFile; fileRef = 2A252D311AA1AF4C004BAB9C /* PIRViewUtil.m */; };
		2A252D331AA1AF4C004BAB9C /* PIRViewUtil.m in Sources */ = {isa = PBXBuildFile; fileRef = 2A252D311AA1AF4C004BAB9C /* PIRViewUtil.m */; };
		2A252D361AA1B081004BAB9C /* NSString+Check.m in Sources */ = {isa = PBXBuildFile; fileRef = 2A252D351AA1B081004BAB9C /* NSString+Check.m */; };
		2A252D371AA1B081004BAB9C /* NSString+Check.m in Sources */ = {isa = PBXBuildFile; fileRef = 2A252D351AA1B081004BAB9C /* NSString+Check.m */; };
		2A252D3A1AA1B0AB004BAB9C /* PIRDateUtil.m in Sources */ = {isa = PBXBuildFile; fileRef = 2A252D391AA1B0AB004BAB9C /* PIRDateUtil.m */; };
		2A252D3B1AA1B0AB004BAB9C /* PIRDateUtil.m in Sources */ = {isa = PBXBuildFile; fileRef = 2A252D391AA1B0AB004BAB9C /* PIRDateUtil.m */; };
		2A252D3F1AA1BA58004BAB9C /* PierLoginViewController.m in Sources */ = {isa = PBXBuildFile; fileRef = 2A252D3D1AA1BA58004BAB9C /* PierLoginViewController.m */; };
		2A252D401AA1BA58004BAB9C /* PierLoginViewController.m in Sources */ = {isa = PBXBuildFile; fileRef = 2A252D3D1AA1BA58004BAB9C /* PierLoginViewController.m */; };
		2A252D411AA1BA58004BAB9C /* PierLoginViewController.xib in Resources */ = {isa = PBXBuildFile; fileRef = 2A252D3E1AA1BA58004BAB9C /* PierLoginViewController.xib */; };
		2A252D451AA1C0EE004BAB9C /* PierCreditApplyController.m in Sources */ = {isa = PBXBuildFile; fileRef = 2A252D431AA1C0EE004BAB9C /* PierCreditApplyController.m */; };
		2A252D461AA1C0EE004BAB9C /* PierCreditApplyController.m in Sources */ = {isa = PBXBuildFile; fileRef = 2A252D431AA1C0EE004BAB9C /* PierCreditApplyController.m */; };
		2A252D471AA1C0EE004BAB9C /* PierCreditApplyController.xib in Resources */ = {isa = PBXBuildFile; fileRef = 2A252D441AA1C0EE004BAB9C /* PierCreditApplyController.xib */; };
		2A252D4B1AA1C4D0004BAB9C /* PierSiginViewModel.m in Sources */ = {isa = PBXBuildFile; fileRef = 2A252D4A1AA1C4D0004BAB9C /* PierSiginViewModel.m */; };
		2A252D4C1AA1C4D0004BAB9C /* PierSiginViewModel.m in Sources */ = {isa = PBXBuildFile; fileRef = 2A252D4A1AA1C4D0004BAB9C /* PierSiginViewModel.m */; };
		2A252D4F1AA1C4E8004BAB9C /* PierSiginCells.m in Sources */ = {isa = PBXBuildFile; fileRef = 2A252D4E1AA1C4E8004BAB9C /* PierSiginCells.m */; };
		2A252D501AA1C4E8004BAB9C /* PierSiginCells.m in Sources */ = {isa = PBXBuildFile; fileRef = 2A252D4E1AA1C4E8004BAB9C /* PierSiginCells.m */; };
		2A252D521AA1C945004BAB9C /* PierSiginCells.xib in Resources */ = {isa = PBXBuildFile; fileRef = 2A252D511AA1C945004BAB9C /* PierSiginCells.xib */; };
		2A39BC2E1A2EE81300B9D551 /* libPierPaySDK.a in Frameworks */ = {isa = PBXBuildFile; fileRef = 2A39BC221A2EE81300B9D551 /* libPierPaySDK.a */; };
		2A6273B21AA6F1D400BEC05C /* PierPayService.m in Sources */ = {isa = PBXBuildFile; fileRef = 2A6273B11AA6F1D400BEC05C /* PierPayService.m */; };
		2A6273B31AA6F1D400BEC05C /* PierPayService.m in Sources */ = {isa = PBXBuildFile; fileRef = 2A6273B11AA6F1D400BEC05C /* PierPayService.m */; };
		2A6EA3011AA5583200E8B340 /* PIRStopWatchView.m in Sources */ = {isa = PBXBuildFile; fileRef = 2A6EA3001AA5583200E8B340 /* PIRStopWatchView.m */; };
		2A6EA3021AA5583200E8B340 /* PIRStopWatchView.m in Sources */ = {isa = PBXBuildFile; fileRef = 2A6EA3001AA5583200E8B340 /* PIRStopWatchView.m */; };
		2A6EA3051AA579CD00E8B340 /* PIRDataSource.m in Sources */ = {isa = PBXBuildFile; fileRef = 2A6EA3041AA579CD00E8B340 /* PIRDataSource.m */; };
		2A6EA3061AA579CD00E8B340 /* PIRDataSource.m in Sources */ = {isa = PBXBuildFile; fileRef = 2A6EA3041AA579CD00E8B340 /* PIRDataSource.m */; };
		2A6EA30A1AA5A14800E8B340 /* PierCreditApproveViewController.m in Sources */ = {isa = PBXBuildFile; fileRef = 2A6EA3081AA5A14800E8B340 /* PierCreditApproveViewController.m */; };
		2A6EA30B1AA5A14800E8B340 /* PierCreditApproveViewController.m in Sources */ = {isa = PBXBuildFile; fileRef = 2A6EA3081AA5A14800E8B340 /* PierCreditApproveViewController.m */; };
		2A6EA30C1AA5A14800E8B340 /* PierCreditApproveViewController.xib in Resources */ = {isa = PBXBuildFile; fileRef = 2A6EA3091AA5A14800E8B340 /* PierCreditApproveViewController.xib */; };
		2A77977A1A3E764F00F5DF36 /* PIRHttpClient.m in Sources */ = {isa = PBXBuildFile; fileRef = 2A7797791A3E764F00F5DF36 /* PIRHttpClient.m */; };
		2A77977D1A3E865D00F5DF36 /* PIRHttpExecutor.m in Sources */ = {isa = PBXBuildFile; fileRef = 2A77977C1A3E865D00F5DF36 /* PIRHttpExecutor.m */; };
		2A96B55A1AA429CA00CDA7E9 /* RPFloatingPlaceholderTextField.m in Sources */ = {isa = PBXBuildFile; fileRef = 2A96B5571AA429CA00CDA7E9 /* RPFloatingPlaceholderTextField.m */; };
		2A96B55B1AA429CA00CDA7E9 /* RPFloatingPlaceholderTextView.m in Sources */ = {isa = PBXBuildFile; fileRef = 2A96B5591AA429CA00CDA7E9 /* RPFloatingPlaceholderTextView.m */; };
		2A96B5621AA461C700CDA7E9 /* backpueple@2x.png in Resources */ = {isa = PBXBuildFile; fileRef = 2A96B5601AA461C700CDA7E9 /* backpueple@2x.png */; };
		2A96B5631AA461C700CDA7E9 /* backpueple@3x.png in Resources */ = {isa = PBXBuildFile; fileRef = 2A96B5611AA461C700CDA7E9 /* backpueple@3x.png */; };
		2A96B5671AA464B600CDA7E9 /* PierSiginViewController.m in Sources */ = {isa = PBXBuildFile; fileRef = 2A96B5651AA464B600CDA7E9 /* PierSiginViewController.m */; };
		2A96B5681AA464B600CDA7E9 /* PierSiginViewController.m in Sources */ = {isa = PBXBuildFile; fileRef = 2A96B5651AA464B600CDA7E9 /* PierSiginViewController.m */; };
		2A96B5691AA464B600CDA7E9 /* PierSiginViewController.xib in Resources */ = {isa = PBXBuildFile; fileRef = 2A96B5661AA464B600CDA7E9 /* PierSiginViewController.xib */; };
		2A96B56D1AA465CF00CDA7E9 /* PierRegisterViewController.m in Sources */ = {isa = PBXBuildFile; fileRef = 2A96B56B1AA465CF00CDA7E9 /* PierRegisterViewController.m */; };
		2A96B56E1AA465CF00CDA7E9 /* PierRegisterViewController.m in Sources */ = {isa = PBXBuildFile; fileRef = 2A96B56B1AA465CF00CDA7E9 /* PierRegisterViewController.m */; };
		2A96B56F1AA465CF00CDA7E9 /* PierRegisterViewController.xib in Resources */ = {isa = PBXBuildFile; fileRef = 2A96B56C1AA465CF00CDA7E9 /* PierRegisterViewController.xib */; };
		2ABF82451A64E28800BEEAF6 /* JSONKit.m in Sources */ = {isa = PBXBuildFile; fileRef = 2ABF82441A64E28800BEEAF6 /* JSONKit.m */; settings = {COMPILER_FLAGS = "-fno-objc-arc"; }; };
		2ABF82591A65281C00BEEAF6 /* PIRService.m in Sources */ = {isa = PBXBuildFile; fileRef = 2ABF82581A65281C00BEEAF6 /* PIRService.m */; };
		2AC461E61A75FA0300DD2C49 /* PIRPayModel.m in Sources */ = {isa = PBXBuildFile; fileRef = 2AC461E51A75FA0300DD2C49 /* PIRPayModel.m */; };
		2AC84ED71A2EFCA600920073 /* PIRJSONModel.m in Sources */ = {isa = PBXBuildFile; fileRef = 2AC84ED61A2EFCA600920073 /* PIRJSONModel.m */; };
		2ACCFEAE1A772AD300A5BAC5 /* PierPay.m in Sources */ = {isa = PBXBuildFile; fileRef = 2ACCFEAD1A772AD300A5BAC5 /* PierPay.m */; };
		2ACCFEB21A77340D00A5BAC5 /* PierLoginViewController1.m in Sources */ = {isa = PBXBuildFile; fileRef = 2ACCFEB01A77340D00A5BAC5 /* PierLoginViewController1.m */; };
		2ACCFEB31A77340D00A5BAC5 /* PierLoginViewController1.m in Sources */ = {isa = PBXBuildFile; fileRef = 2ACCFEB01A77340D00A5BAC5 /* PierLoginViewController1.m */; };
		2ACCFEB41A77340D00A5BAC5 /* PierLoginViewController1.xib in Resources */ = {isa = PBXBuildFile; fileRef = 2ACCFEB11A77340D00A5BAC5 /* PierLoginViewController1.xib */; };
		2ACCFEB91A775B9000A5BAC5 /* PierAlertView.m in Sources */ = {isa = PBXBuildFile; fileRef = 2ACCFEB81A775B9000A5BAC5 /* PierAlertView.m */; };
		2ACCFEBA1A775B9000A5BAC5 /* PierAlertView.m in Sources */ = {isa = PBXBuildFile; fileRef = 2ACCFEB81A775B9000A5BAC5 /* PierAlertView.m */; };
		2ACCFEBC1A775D4500A5BAC5 /* PierAlertView.xib in Resources */ = {isa = PBXBuildFile; fileRef = 2ACCFEBB1A775D4500A5BAC5 /* PierAlertView.xib */; };
		2ACCFEC01A775FA000A5BAC5 /* PierColor.m in Sources */ = {isa = PBXBuildFile; fileRef = 2ACCFEBF1A775FA000A5BAC5 /* PierColor.m */; };
		2ACCFEC11A775FA000A5BAC5 /* PierColor.m in Sources */ = {isa = PBXBuildFile; fileRef = 2ACCFEBF1A775FA000A5BAC5 /* PierColor.m */; };
		2ACCFEC81A776A4500A5BAC5 /* PierTools.m in Sources */ = {isa = PBXBuildFile; fileRef = 2ACCFEC71A776A4500A5BAC5 /* PierTools.m */; };
		2ACCFEC91A776A4500A5BAC5 /* PierTools.m in Sources */ = {isa = PBXBuildFile; fileRef = 2ACCFEC71A776A4500A5BAC5 /* PierTools.m */; };
		2ACCFECC1A77722700A5BAC5 /* PIRKeyboard.m in Sources */ = {isa = PBXBuildFile; fileRef = 2ACCFECB1A77722700A5BAC5 /* PIRKeyboard.m */; };
		2ACCFECD1A77722700A5BAC5 /* PIRKeyboard.m in Sources */ = {isa = PBXBuildFile; fileRef = 2ACCFECB1A77722700A5BAC5 /* PIRKeyboard.m */; };
		2ACCFED11A7782A800A5BAC5 /* PIRPayModel.m in Sources */ = {isa = PBXBuildFile; fileRef = 2AC461E51A75FA0300DD2C49 /* PIRPayModel.m */; };
		2ACCFED21A7782C700A5BAC5 /* JSONKit.m in Sources */ = {isa = PBXBuildFile; fileRef = 2ABF82441A64E28800BEEAF6 /* JSONKit.m */; settings = {COMPILER_FLAGS = "-fno-objc-arc"; }; };
		2ACCFED31A7782DC00A5BAC5 /* PIRHttpClient.m in Sources */ = {isa = PBXBuildFile; fileRef = 2A7797791A3E764F00F5DF36 /* PIRHttpClient.m */; };
		2ACCFED41A7782E100A5BAC5 /* PIRJSONModel.m in Sources */ = {isa = PBXBuildFile; fileRef = 2AC84ED61A2EFCA600920073 /* PIRJSONModel.m */; };
		2ACCFED51A7782EE00A5BAC5 /* PIRService.m in Sources */ = {isa = PBXBuildFile; fileRef = 2ABF82581A65281C00BEEAF6 /* PIRService.m */; };
		2ACCFED61A7782F600A5BAC5 /* PIRHttpExecutor.m in Sources */ = {isa = PBXBuildFile; fileRef = 2A77977C1A3E865D00F5DF36 /* PIRHttpExecutor.m */; };
		2AF42D931A306D9B0076DEC4 /* PierPayRootViewController.xib in Resources */ = {isa = PBXBuildFile; fileRef = 2A9EB3AA1A3048CC00CF40A4 /* PierPayRootViewController.xib */; };
/* End PBXBuildFile section */

/* Begin PBXContainerItemProxy section */
		2A39BC2F1A2EE81300B9D551 /* PBXContainerItemProxy */ = {
			isa = PBXContainerItemProxy;
			containerPortal = 2A39BC1A1A2EE81300B9D551 /* Project object */;
			proxyType = 1;
			remoteGlobalIDString = 2A39BC211A2EE81300B9D551;
			remoteInfo = PierPaySDK;
		};
/* End PBXContainerItemProxy section */

/* Begin PBXCopyFilesBuildPhase section */
		2A39BC201A2EE81300B9D551 /* CopyFiles */ = {
			isa = PBXCopyFilesBuildPhase;
			buildActionMask = 8;
			dstPath = "include/$(PRODUCT_NAME)";
			dstSubfolderSpec = 7;
			files = (
			);
			runOnlyForDeploymentPostprocessing = 1;
		};
/* End PBXCopyFilesBuildPhase section */

/* Begin PBXFileReference section */
		2A252CD91AA166A7004BAB9C /* PierFont.h */ = {isa = PBXFileReference; fileEncoding = 4; lastKnownFileType = sourcecode.c.h; path = PierFont.h; sourceTree = "<group>"; };
		2A252CDA1AA166A7004BAB9C /* PierFont.m */ = {isa = PBXFileReference; fileEncoding = 4; lastKnownFileType = sourcecode.c.objc; path = PierFont.m; sourceTree = "<group>"; };
		2A252D051AA19893004BAB9C /* btn_close@2x.png */ = {isa = PBXFileReference; lastKnownFileType = image.png; path = "btn_close@2x.png"; sourceTree = "<group>"; };
		2A252D071AA198BE004BAB9C /* btn_close@3x.png */ = {isa = PBXFileReference; lastKnownFileType = image.png; path = "btn_close@3x.png"; sourceTree = "<group>"; };
		2A252D091AA199A4004BAB9C /* keypaddelete@2x.png */ = {isa = PBXFileReference; lastKnownFileType = image.png; path = "keypaddelete@2x.png"; sourceTree = "<group>"; };
		2A252D0A1AA199A4004BAB9C /* keypaddelete@3x.png */ = {isa = PBXFileReference; lastKnownFileType = image.png; path = "keypaddelete@3x.png"; sourceTree = "<group>"; };
		2A252D0D1AA19B82004BAB9C /* back@2x.png */ = {isa = PBXFileReference; lastKnownFileType = image.png; path = "back@2x.png"; sourceTree = "<group>"; };
		2A252D0E1AA19B82004BAB9C /* back@3x.png */ = {isa = PBXFileReference; lastKnownFileType = image.png; path = "back@3x.png"; sourceTree = "<group>"; };
		2A252D0F1AA19B82004BAB9C /* btn_next@2x.png */ = {isa = PBXFileReference; lastKnownFileType = image.png; path = "btn_next@2x.png"; sourceTree = "<group>"; };
		2A252D101AA19B82004BAB9C /* btn_next@3x.png */ = {isa = PBXFileReference; lastKnownFileType = image.png; path = "btn_next@3x.png"; sourceTree = "<group>"; };
		2A252D111AA19B82004BAB9C /* btn_resend@2x.png */ = {isa = PBXFileReference; lastKnownFileType = image.png; path = "btn_resend@2x.png"; sourceTree = "<group>"; };
		2A252D121AA19B82004BAB9C /* btn_resend@3x.png */ = {isa = PBXFileReference; lastKnownFileType = image.png; path = "btn_resend@3x.png"; sourceTree = "<group>"; };
		2A252D131AA19B82004BAB9C /* icon_logopurple@2x.png */ = {isa = PBXFileReference; lastKnownFileType = image.png; path = "icon_logopurple@2x.png"; sourceTree = "<group>"; };
		2A252D141AA19B82004BAB9C /* icon_logopurple@3x.png */ = {isa = PBXFileReference; lastKnownFileType = image.png; path = "icon_logopurple@3x.png"; sourceTree = "<group>"; };
		2A252D151AA19B82004BAB9C /* icon_logowhite@2x.png */ = {isa = PBXFileReference; lastKnownFileType = image.png; path = "icon_logowhite@2x.png"; sourceTree = "<group>"; };
		2A252D161AA19B82004BAB9C /* icon_logowhite@3x.png */ = {isa = PBXFileReference; lastKnownFileType = image.png; path = "icon_logowhite@3x.png"; sourceTree = "<group>"; };
		2A252D171AA19B82004BAB9C /* icon_smscode@2x.png */ = {isa = PBXFileReference; lastKnownFileType = image.png; path = "icon_smscode@2x.png"; sourceTree = "<group>"; };
		2A252D191AA19B82004BAB9C /* sdk-help@2x.png */ = {isa = PBXFileReference; lastKnownFileType = image.png; path = "sdk-help@2x.png"; sourceTree = "<group>"; };
		2A252D1A1AA19B82004BAB9C /* sdk-help@3x.png */ = {isa = PBXFileReference; lastKnownFileType = image.png; path = "sdk-help@3x.png"; sourceTree = "<group>"; };
		2A252D291AA19BC3004BAB9C /* icon_smscode@3x.png */ = {isa = PBXFileReference; lastKnownFileType = image.png; path = "icon_smscode@3x.png"; sourceTree = "<group>"; };
		2A252D301AA1AF4C004BAB9C /* PIRViewUtil.h */ = {isa = PBXFileReference; fileEncoding = 4; lastKnownFileType = sourcecode.c.h; path = PIRViewUtil.h; sourceTree = "<group>"; };
		2A252D311AA1AF4C004BAB9C /* PIRViewUtil.m */ = {isa = PBXFileReference; fileEncoding = 4; lastKnownFileType = sourcecode.c.objc; path = PIRViewUtil.m; sourceTree = "<group>"; };
		2A252D341AA1B081004BAB9C /* NSString+Check.h */ = {isa = PBXFileReference; fileEncoding = 4; lastKnownFileType = sourcecode.c.h; path = "NSString+Check.h"; sourceTree = "<group>"; };
		2A252D351AA1B081004BAB9C /* NSString+Check.m */ = {isa = PBXFileReference; fileEncoding = 4; lastKnownFileType = sourcecode.c.objc; path = "NSString+Check.m"; sourceTree = "<group>"; };
		2A252D381AA1B0AB004BAB9C /* PIRDateUtil.h */ = {isa = PBXFileReference; fileEncoding = 4; lastKnownFileType = sourcecode.c.h; path = PIRDateUtil.h; sourceTree = "<group>"; };
		2A252D391AA1B0AB004BAB9C /* PIRDateUtil.m */ = {isa = PBXFileReference; fileEncoding = 4; lastKnownFileType = sourcecode.c.objc; path = PIRDateUtil.m; sourceTree = "<group>"; };
		2A252D3C1AA1BA58004BAB9C /* PierLoginViewController.h */ = {isa = PBXFileReference; fileEncoding = 4; lastKnownFileType = sourcecode.c.h; path = PierLoginViewController.h; sourceTree = "<group>"; };
		2A252D3D1AA1BA58004BAB9C /* PierLoginViewController.m */ = {isa = PBXFileReference; fileEncoding = 4; lastKnownFileType = sourcecode.c.objc; path = PierLoginViewController.m; sourceTree = "<group>"; };
		2A252D3E1AA1BA58004BAB9C /* PierLoginViewController.xib */ = {isa = PBXFileReference; fileEncoding = 4; lastKnownFileType = file.xib; path = PierLoginViewController.xib; sourceTree = "<group>"; };
		2A252D421AA1C0EE004BAB9C /* PierCreditApplyController.h */ = {isa = PBXFileReference; fileEncoding = 4; lastKnownFileType = sourcecode.c.h; path = PierCreditApplyController.h; sourceTree = "<group>"; };
		2A252D431AA1C0EE004BAB9C /* PierCreditApplyController.m */ = {isa = PBXFileReference; fileEncoding = 4; lastKnownFileType = sourcecode.c.objc; path = PierCreditApplyController.m; sourceTree = "<group>"; };
		2A252D441AA1C0EE004BAB9C /* PierCreditApplyController.xib */ = {isa = PBXFileReference; fileEncoding = 4; lastKnownFileType = file.xib; path = PierCreditApplyController.xib; sourceTree = "<group>"; };
		2A252D491AA1C4D0004BAB9C /* PierSiginViewModel.h */ = {isa = PBXFileReference; fileEncoding = 4; lastKnownFileType = sourcecode.c.h; path = PierSiginViewModel.h; sourceTree = "<group>"; };
		2A252D4A1AA1C4D0004BAB9C /* PierSiginViewModel.m */ = {isa = PBXFileReference; fileEncoding = 4; lastKnownFileType = sourcecode.c.objc; path = PierSiginViewModel.m; sourceTree = "<group>"; };
		2A252D4D1AA1C4E8004BAB9C /* PierSiginCells.h */ = {isa = PBXFileReference; fileEncoding = 4; lastKnownFileType = sourcecode.c.h; path = PierSiginCells.h; sourceTree = "<group>"; };
		2A252D4E1AA1C4E8004BAB9C /* PierSiginCells.m */ = {isa = PBXFileReference; fileEncoding = 4; lastKnownFileType = sourcecode.c.objc; path = PierSiginCells.m; sourceTree = "<group>"; };
		2A252D511AA1C945004BAB9C /* PierSiginCells.xib */ = {isa = PBXFileReference; fileEncoding = 4; lastKnownFileType = file.xib; path = PierSiginCells.xib; sourceTree = "<group>"; };
		2A39BC221A2EE81300B9D551 /* libPierPaySDK.a */ = {isa = PBXFileReference; explicitFileType = archive.ar; includeInIndex = 0; path = libPierPaySDK.a; sourceTree = BUILT_PRODUCTS_DIR; };
		2A39BC2D1A2EE81300B9D551 /* PierPaySDKTests.xctest */ = {isa = PBXFileReference; explicitFileType = wrapper.cfbundle; includeInIndex = 0; path = PierPaySDKTests.xctest; sourceTree = BUILT_PRODUCTS_DIR; };
		2A39BC331A2EE81300B9D551 /* Info.plist */ = {isa = PBXFileReference; lastKnownFileType = text.plist.xml; path = Info.plist; sourceTree = "<group>"; };
		2A6273B01AA6F1D400BEC05C /* PierPayService.h */ = {isa = PBXFileReference; fileEncoding = 4; lastKnownFileType = sourcecode.c.h; path = PierPayService.h; sourceTree = "<group>"; };
		2A6273B11AA6F1D400BEC05C /* PierPayService.m */ = {isa = PBXFileReference; fileEncoding = 4; lastKnownFileType = sourcecode.c.objc; path = PierPayService.m; sourceTree = "<group>"; };
		2A6EA2FF1AA5583200E8B340 /* PIRStopWatchView.h */ = {isa = PBXFileReference; fileEncoding = 4; lastKnownFileType = sourcecode.c.h; path = PIRStopWatchView.h; sourceTree = "<group>"; };
		2A6EA3001AA5583200E8B340 /* PIRStopWatchView.m */ = {isa = PBXFileReference; fileEncoding = 4; lastKnownFileType = sourcecode.c.objc; path = PIRStopWatchView.m; sourceTree = "<group>"; };
		2A6EA3031AA579CD00E8B340 /* PIRDataSource.h */ = {isa = PBXFileReference; fileEncoding = 4; lastKnownFileType = sourcecode.c.h; path = PIRDataSource.h; sourceTree = "<group>"; };
		2A6EA3041AA579CD00E8B340 /* PIRDataSource.m */ = {isa = PBXFileReference; fileEncoding = 4; lastKnownFileType = sourcecode.c.objc; path = PIRDataSource.m; sourceTree = "<group>"; };
		2A6EA3071AA5A14800E8B340 /* PierCreditApproveViewController.h */ = {isa = PBXFileReference; fileEncoding = 4; lastKnownFileType = sourcecode.c.h; path = PierCreditApproveViewController.h; sourceTree = "<group>"; };
		2A6EA3081AA5A14800E8B340 /* PierCreditApproveViewController.m */ = {isa = PBXFileReference; fileEncoding = 4; lastKnownFileType = sourcecode.c.objc; path = PierCreditApproveViewController.m; sourceTree = "<group>"; };
		2A6EA3091AA5A14800E8B340 /* PierCreditApproveViewController.xib */ = {isa = PBXFileReference; fileEncoding = 4; lastKnownFileType = file.xib; path = PierCreditApproveViewController.xib; sourceTree = "<group>"; };
		2A7797781A3E764F00F5DF36 /* PIRHttpClient.h */ = {isa = PBXFileReference; fileEncoding = 4; lastKnownFileType = sourcecode.c.h; path = PIRHttpClient.h; sourceTree = "<group>"; };
		2A7797791A3E764F00F5DF36 /* PIRHttpClient.m */ = {isa = PBXFileReference; fileEncoding = 4; lastKnownFileType = sourcecode.c.objc; path = PIRHttpClient.m; sourceTree = "<group>"; };
		2A77977B1A3E865D00F5DF36 /* PIRHttpExecutor.h */ = {isa = PBXFileReference; fileEncoding = 4; lastKnownFileType = sourcecode.c.h; path = PIRHttpExecutor.h; sourceTree = "<group>"; };
		2A77977C1A3E865D00F5DF36 /* PIRHttpExecutor.m */ = {isa = PBXFileReference; fileEncoding = 4; lastKnownFileType = sourcecode.c.objc; path = PIRHttpExecutor.m; sourceTree = "<group>"; };
		2A96B5551AA429CA00CDA7E9 /* RPFloatingPlaceholderConstants.h */ = {isa = PBXFileReference; fileEncoding = 4; lastKnownFileType = sourcecode.c.h; path = RPFloatingPlaceholderConstants.h; sourceTree = "<group>"; };
		2A96B5561AA429CA00CDA7E9 /* RPFloatingPlaceholderTextField.h */ = {isa = PBXFileReference; fileEncoding = 4; lastKnownFileType = sourcecode.c.h; path = RPFloatingPlaceholderTextField.h; sourceTree = "<group>"; };
		2A96B5571AA429CA00CDA7E9 /* RPFloatingPlaceholderTextField.m */ = {isa = PBXFileReference; fileEncoding = 4; lastKnownFileType = sourcecode.c.objc; path = RPFloatingPlaceholderTextField.m; sourceTree = "<group>"; };
		2A96B5581AA429CA00CDA7E9 /* RPFloatingPlaceholderTextView.h */ = {isa = PBXFileReference; fileEncoding = 4; lastKnownFileType = sourcecode.c.h; path = RPFloatingPlaceholderTextView.h; sourceTree = "<group>"; };
		2A96B5591AA429CA00CDA7E9 /* RPFloatingPlaceholderTextView.m */ = {isa = PBXFileReference; fileEncoding = 4; lastKnownFileType = sourcecode.c.objc; path = RPFloatingPlaceholderTextView.m; sourceTree = "<group>"; };
		2A96B5601AA461C700CDA7E9 /* backpueple@2x.png */ = {isa = PBXFileReference; lastKnownFileType = image.png; path = "backpueple@2x.png"; sourceTree = "<group>"; };
		2A96B5611AA461C700CDA7E9 /* backpueple@3x.png */ = {isa = PBXFileReference; lastKnownFileType = image.png; path = "backpueple@3x.png"; sourceTree = "<group>"; };
		2A96B5641AA464B600CDA7E9 /* PierSiginViewController.h */ = {isa = PBXFileReference; fileEncoding = 4; lastKnownFileType = sourcecode.c.h; path = PierSiginViewController.h; sourceTree = "<group>"; };
		2A96B5651AA464B600CDA7E9 /* PierSiginViewController.m */ = {isa = PBXFileReference; fileEncoding = 4; lastKnownFileType = sourcecode.c.objc; path = PierSiginViewController.m; sourceTree = "<group>"; };
		2A96B5661AA464B600CDA7E9 /* PierSiginViewController.xib */ = {isa = PBXFileReference; fileEncoding = 4; lastKnownFileType = file.xib; path = PierSiginViewController.xib; sourceTree = "<group>"; };
		2A96B56A1AA465CF00CDA7E9 /* PierRegisterViewController.h */ = {isa = PBXFileReference; fileEncoding = 4; lastKnownFileType = sourcecode.c.h; path = PierRegisterViewController.h; sourceTree = "<group>"; };
		2A96B56B1AA465CF00CDA7E9 /* PierRegisterViewController.m */ = {isa = PBXFileReference; fileEncoding = 4; lastKnownFileType = sourcecode.c.objc; path = PierRegisterViewController.m; sourceTree = "<group>"; };
		2A96B56C1AA465CF00CDA7E9 /* PierRegisterViewController.xib */ = {isa = PBXFileReference; fileEncoding = 4; lastKnownFileType = file.xib; path = PierRegisterViewController.xib; sourceTree = "<group>"; };
		2A9EB3AA1A3048CC00CF40A4 /* PierPayRootViewController.xib */ = {isa = PBXFileReference; fileEncoding = 4; lastKnownFileType = file.xib; path = PierPayRootViewController.xib; sourceTree = "<group>"; };
		2ABF82431A64E28800BEEAF6 /* JSONKit.h */ = {isa = PBXFileReference; fileEncoding = 4; lastKnownFileType = sourcecode.c.h; path = JSONKit.h; sourceTree = "<group>"; };
		2ABF82441A64E28800BEEAF6 /* JSONKit.m */ = {isa = PBXFileReference; fileEncoding = 4; lastKnownFileType = sourcecode.c.objc; path = JSONKit.m; sourceTree = "<group>"; };
		2ABF82461A64E39C00BEEAF6 /* PIRConfig.h */ = {isa = PBXFileReference; fileEncoding = 4; lastKnownFileType = sourcecode.c.h; path = PIRConfig.h; sourceTree = "<group>"; };
		2ABF82561A65071D00BEEAF6 /* PIRSDKPath.h */ = {isa = PBXFileReference; fileEncoding = 4; lastKnownFileType = sourcecode.c.h; path = PIRSDKPath.h; sourceTree = "<group>"; };
		2ABF82571A65281C00BEEAF6 /* PIRService.h */ = {isa = PBXFileReference; fileEncoding = 4; lastKnownFileType = sourcecode.c.h; path = PIRService.h; sourceTree = "<group>"; };
		2ABF82581A65281C00BEEAF6 /* PIRService.m */ = {isa = PBXFileReference; fileEncoding = 4; lastKnownFileType = sourcecode.c.objc; path = PIRService.m; sourceTree = "<group>"; };
		2AC461E41A75FA0300DD2C49 /* PIRPayModel.h */ = {isa = PBXFileReference; fileEncoding = 4; lastKnownFileType = sourcecode.c.h; path = PIRPayModel.h; sourceTree = "<group>"; };
		2AC461E51A75FA0300DD2C49 /* PIRPayModel.m */ = {isa = PBXFileReference; fileEncoding = 4; lastKnownFileType = sourcecode.c.objc; path = PIRPayModel.m; sourceTree = "<group>"; };
		2AC84ED51A2EFCA600920073 /* PIRJSONModel.h */ = {isa = PBXFileReference; fileEncoding = 4; lastKnownFileType = sourcecode.c.h; path = PIRJSONModel.h; sourceTree = "<group>"; };
		2AC84ED61A2EFCA600920073 /* PIRJSONModel.m */ = {isa = PBXFileReference; fileEncoding = 4; lastKnownFileType = sourcecode.c.objc; path = PIRJSONModel.m; sourceTree = "<group>"; };
		2ACCFEAC1A772AD300A5BAC5 /* PierPay.h */ = {isa = PBXFileReference; fileEncoding = 4; lastKnownFileType = sourcecode.c.h; path = PierPay.h; sourceTree = "<group>"; };
		2ACCFEAD1A772AD300A5BAC5 /* PierPay.m */ = {isa = PBXFileReference; fileEncoding = 4; lastKnownFileType = sourcecode.c.objc; path = PierPay.m; sourceTree = "<group>"; };
		2ACCFEAF1A77340D00A5BAC5 /* PierLoginViewController1.h */ = {isa = PBXFileReference; fileEncoding = 4; lastKnownFileType = sourcecode.c.h; path = PierLoginViewController1.h; sourceTree = "<group>"; };
		2ACCFEB01A77340D00A5BAC5 /* PierLoginViewController1.m */ = {isa = PBXFileReference; fileEncoding = 4; lastKnownFileType = sourcecode.c.objc; path = PierLoginViewController1.m; sourceTree = "<group>"; };
		2ACCFEB11A77340D00A5BAC5 /* PierLoginViewController1.xib */ = {isa = PBXFileReference; fileEncoding = 4; lastKnownFileType = file.xib; path = PierLoginViewController1.xib; sourceTree = "<group>"; };
		2ACCFEB71A775B9000A5BAC5 /* PierAlertView.h */ = {isa = PBXFileReference; fileEncoding = 4; lastKnownFileType = sourcecode.c.h; path = PierAlertView.h; sourceTree = "<group>"; };
		2ACCFEB81A775B9000A5BAC5 /* PierAlertView.m */ = {isa = PBXFileReference; fileEncoding = 4; lastKnownFileType = sourcecode.c.objc; path = PierAlertView.m; sourceTree = "<group>"; };
		2ACCFEBB1A775D4500A5BAC5 /* PierAlertView.xib */ = {isa = PBXFileReference; fileEncoding = 4; lastKnownFileType = file.xib; path = PierAlertView.xib; sourceTree = "<group>"; };
		2ACCFEBE1A775FA000A5BAC5 /* PierColor.h */ = {isa = PBXFileReference; fileEncoding = 4; lastKnownFileType = sourcecode.c.h; path = PierColor.h; sourceTree = "<group>"; };
		2ACCFEBF1A775FA000A5BAC5 /* PierColor.m */ = {isa = PBXFileReference; fileEncoding = 4; lastKnownFileType = sourcecode.c.objc; path = PierColor.m; sourceTree = "<group>"; };
		2ACCFEC61A776A4500A5BAC5 /* PierTools.h */ = {isa = PBXFileReference; fileEncoding = 4; lastKnownFileType = sourcecode.c.h; path = PierTools.h; sourceTree = "<group>"; };
		2ACCFEC71A776A4500A5BAC5 /* PierTools.m */ = {isa = PBXFileReference; fileEncoding = 4; lastKnownFileType = sourcecode.c.objc; path = PierTools.m; sourceTree = "<group>"; };
		2ACCFECA1A77722700A5BAC5 /* PIRKeyboard.h */ = {isa = PBXFileReference; fileEncoding = 4; lastKnownFileType = sourcecode.c.h; path = PIRKeyboard.h; sourceTree = "<group>"; };
		2ACCFECB1A77722700A5BAC5 /* PIRKeyboard.m */ = {isa = PBXFileReference; fileEncoding = 4; lastKnownFileType = sourcecode.c.objc; path = PIRKeyboard.m; sourceTree = "<group>"; };
		2AF42D8C1A306CC90076DEC4 /* PierResource.bundle */ = {isa = PBXFileReference; explicitFileType = wrapper.cfbundle; includeInIndex = 0; path = PierResource.bundle; sourceTree = BUILT_PRODUCTS_DIR; };
		2AF42D8F1A306CC90076DEC4 /* Info.plist */ = {isa = PBXFileReference; lastKnownFileType = text.plist.xml; path = Info.plist; sourceTree = "<group>"; };
/* End PBXFileReference section */

/* Begin PBXFrameworksBuildPhase section */
		2A39BC1F1A2EE81300B9D551 /* Frameworks */ = {
			isa = PBXFrameworksBuildPhase;
			buildActionMask = 2147483647;
			files = (
			);
			runOnlyForDeploymentPostprocessing = 0;
		};
		2A39BC2A1A2EE81300B9D551 /* Frameworks */ = {
			isa = PBXFrameworksBuildPhase;
			buildActionMask = 2147483647;
			files = (
				2A39BC2E1A2EE81300B9D551 /* libPierPaySDK.a in Frameworks */,
			);
			runOnlyForDeploymentPostprocessing = 0;
		};
		2AF42D891A306CC90076DEC4 /* Frameworks */ = {
			isa = PBXFrameworksBuildPhase;
			buildActionMask = 2147483647;
			files = (
			);
			runOnlyForDeploymentPostprocessing = 0;
		};
/* End PBXFrameworksBuildPhase section */

/* Begin PBXGroup section */
		2A252D481AA1C408004BAB9C /* ViewModel */ = {
			isa = PBXGroup;
			children = (
				2A252D491AA1C4D0004BAB9C /* PierSiginViewModel.h */,
				2A252D4A1AA1C4D0004BAB9C /* PierSiginViewModel.m */,
				2A252D4D1AA1C4E8004BAB9C /* PierSiginCells.h */,
				2A252D4E1AA1C4E8004BAB9C /* PierSiginCells.m */,
				2A252D511AA1C945004BAB9C /* PierSiginCells.xib */,
			);
			name = ViewModel;
			sourceTree = "<group>";
		};
		2A39BC191A2EE81300B9D551 = {
			isa = PBXGroup;
			children = (
				2A39BC241A2EE81300B9D551 /* PierPaySDK */,
				2A39BC311A2EE81300B9D551 /* PierPaySDKTests */,
				2AF42D8D1A306CC90076DEC4 /* PierPayBundle */,
				2A39BC231A2EE81300B9D551 /* Products */,
			);
			sourceTree = "<group>";
		};
		2A39BC231A2EE81300B9D551 /* Products */ = {
			isa = PBXGroup;
			children = (
				2A39BC221A2EE81300B9D551 /* libPierPaySDK.a */,
				2A39BC2D1A2EE81300B9D551 /* PierPaySDKTests.xctest */,
				2AF42D8C1A306CC90076DEC4 /* PierResource.bundle */,
			);
			name = Products;
			sourceTree = "<group>";
		};
		2A39BC241A2EE81300B9D551 /* PierPaySDK */ = {
			isa = PBXGroup;
			children = (
				2ACCFEBD1A775F5A00A5BAC5 /* Tools */,
				2ACCFEB61A775B5600A5BAC5 /* Views */,
				2ACCFEB51A775B2F00A5BAC5 /* ViewControllers */,
				2AF42D9C1A3072B10076DEC4 /* Images */,
				2A8ECBFE1A6667A20040A2C2 /* Service */,
				2ACCFEAC1A772AD300A5BAC5 /* PierPay.h */,
				2ACCFEAD1A772AD300A5BAC5 /* PierPay.m */,
				2A9EB3AA1A3048CC00CF40A4 /* PierPayRootViewController.xib */,
			);
			path = PierPaySDK;
			sourceTree = "<group>";
		};
		2A39BC311A2EE81300B9D551 /* PierPaySDKTests */ = {
			isa = PBXGroup;
			children = (
				2A39BC321A2EE81300B9D551 /* Supporting Files */,
			);
			path = PierPaySDKTests;
			sourceTree = "<group>";
		};
		2A39BC321A2EE81300B9D551 /* Supporting Files */ = {
			isa = PBXGroup;
			children = (
				2A39BC331A2EE81300B9D551 /* Info.plist */,
			);
			name = "Supporting Files";
			sourceTree = "<group>";
		};
		2A6273A41AA6EF8000BEC05C /* Service */ = {
			isa = PBXGroup;
			children = (
				2A6273B01AA6F1D400BEC05C /* PierPayService.h */,
				2A6273B11AA6F1D400BEC05C /* PierPayService.m */,
			);
			name = Service;
			sourceTree = "<group>";
		};
		2A8ECBFE1A6667A20040A2C2 /* Service */ = {
			isa = PBXGroup;
			children = (
				2ABF82561A65071D00BEEAF6 /* PIRSDKPath.h */,
				2ABF82461A64E39C00BEEAF6 /* PIRConfig.h */,
				2ABF82431A64E28800BEEAF6 /* JSONKit.h */,
				2ABF82441A64E28800BEEAF6 /* JSONKit.m */,
				2A7797781A3E764F00F5DF36 /* PIRHttpClient.h */,
				2A7797791A3E764F00F5DF36 /* PIRHttpClient.m */,
				2A77977B1A3E865D00F5DF36 /* PIRHttpExecutor.h */,
				2A77977C1A3E865D00F5DF36 /* PIRHttpExecutor.m */,
				2AC84ED51A2EFCA600920073 /* PIRJSONModel.h */,
				2AC84ED61A2EFCA600920073 /* PIRJSONModel.m */,
				2ABF82571A65281C00BEEAF6 /* PIRService.h */,
				2ABF82581A65281C00BEEAF6 /* PIRService.m */,
				2AC461E41A75FA0300DD2C49 /* PIRPayModel.h */,
				2AC461E51A75FA0300DD2C49 /* PIRPayModel.m */,
			);
			name = Service;
			sourceTree = "<group>";
		};
		2A96B5541AA429AB00CDA7E9 /* RPFloatingPlaceholders */ = {
			isa = PBXGroup;
			children = (
				2A96B5551AA429CA00CDA7E9 /* RPFloatingPlaceholderConstants.h */,
				2A96B5561AA429CA00CDA7E9 /* RPFloatingPlaceholderTextField.h */,
				2A96B5571AA429CA00CDA7E9 /* RPFloatingPlaceholderTextField.m */,
				2A96B5581AA429CA00CDA7E9 /* RPFloatingPlaceholderTextView.h */,
				2A96B5591AA429CA00CDA7E9 /* RPFloatingPlaceholderTextView.m */,
			);
			name = RPFloatingPlaceholders;
			sourceTree = "<group>";
		};
		2ACCFEB51A775B2F00A5BAC5 /* ViewControllers */ = {
			isa = PBXGroup;
			children = (
				2A6273A41AA6EF8000BEC05C /* Service */,
				2A252D481AA1C408004BAB9C /* ViewModel */,
				2A252D3C1AA1BA58004BAB9C /* PierLoginViewController.h */,
				2A252D3D1AA1BA58004BAB9C /* PierLoginViewController.m */,
				2A252D3E1AA1BA58004BAB9C /* PierLoginViewController.xib */,
				2A96B5641AA464B600CDA7E9 /* PierSiginViewController.h */,
				2A96B5651AA464B600CDA7E9 /* PierSiginViewController.m */,
				2A96B5661AA464B600CDA7E9 /* PierSiginViewController.xib */,
				2A96B56A1AA465CF00CDA7E9 /* PierRegisterViewController.h */,
				2A96B56B1AA465CF00CDA7E9 /* PierRegisterViewController.m */,
				2A96B56C1AA465CF00CDA7E9 /* PierRegisterViewController.xib */,
				2A252D421AA1C0EE004BAB9C /* PierCreditApplyController.h */,
				2A252D431AA1C0EE004BAB9C /* PierCreditApplyController.m */,
				2A252D441AA1C0EE004BAB9C /* PierCreditApplyController.xib */,
				2A6EA3071AA5A14800E8B340 /* PierCreditApproveViewController.h */,
				2A6EA3081AA5A14800E8B340 /* PierCreditApproveViewController.m */,
				2A6EA3091AA5A14800E8B340 /* PierCreditApproveViewController.xib */,
				2ACCFEAF1A77340D00A5BAC5 /* PierLoginViewController1.h */,
				2ACCFEB01A77340D00A5BAC5 /* PierLoginViewController1.m */,
				2ACCFEB11A77340D00A5BAC5 /* PierLoginViewController1.xib */,
			);
			name = ViewControllers;
			sourceTree = "<group>";
		};
		2ACCFEB61A775B5600A5BAC5 /* Views */ = {
			isa = PBXGroup;
			children = (
				2A96B5541AA429AB00CDA7E9 /* RPFloatingPlaceholders */,
				2A6EA2FF1AA5583200E8B340 /* PIRStopWatchView.h */,
				2A6EA3001AA5583200E8B340 /* PIRStopWatchView.m */,
				2ACCFECA1A77722700A5BAC5 /* PIRKeyboard.h */,
				2ACCFECB1A77722700A5BAC5 /* PIRKeyboard.m */,
				2ACCFEB71A775B9000A5BAC5 /* PierAlertView.h */,
				2ACCFEB81A775B9000A5BAC5 /* PierAlertView.m */,
				2ACCFEBB1A775D4500A5BAC5 /* PierAlertView.xib */,
			);
			name = Views;
			sourceTree = "<group>";
		};
		2ACCFEBD1A775F5A00A5BAC5 /* Tools */ = {
			isa = PBXGroup;
			children = (
				2A6EA3031AA579CD00E8B340 /* PIRDataSource.h */,
				2A6EA3041AA579CD00E8B340 /* PIRDataSource.m */,
				2A252D381AA1B0AB004BAB9C /* PIRDateUtil.h */,
				2A252D391AA1B0AB004BAB9C /* PIRDateUtil.m */,
				2A252D341AA1B081004BAB9C /* NSString+Check.h */,
				2A252D351AA1B081004BAB9C /* NSString+Check.m */,
				2A252D301AA1AF4C004BAB9C /* PIRViewUtil.h */,
				2A252D311AA1AF4C004BAB9C /* PIRViewUtil.m */,
				2A252CD91AA166A7004BAB9C /* PierFont.h */,
				2A252CDA1AA166A7004BAB9C /* PierFont.m */,
				2ACCFEC61A776A4500A5BAC5 /* PierTools.h */,
				2ACCFEC71A776A4500A5BAC5 /* PierTools.m */,
				2ACCFEBE1A775FA000A5BAC5 /* PierColor.h */,
				2ACCFEBF1A775FA000A5BAC5 /* PierColor.m */,
			);
			name = Tools;
			sourceTree = "<group>";
		};
		2AF42D8D1A306CC90076DEC4 /* PierPayBundle */ = {
			isa = PBXGroup;
			children = (
				2AF42D8E1A306CC90076DEC4 /* Supporting Files */,
			);
			path = PierPayBundle;
			sourceTree = "<group>";
		};
		2AF42D8E1A306CC90076DEC4 /* Supporting Files */ = {
			isa = PBXGroup;
			children = (
				2AF42D8F1A306CC90076DEC4 /* Info.plist */,
			);
			name = "Supporting Files";
			sourceTree = "<group>";
		};
		2AF42D9C1A3072B10076DEC4 /* Images */ = {
			isa = PBXGroup;
			children = (
				2A96B5601AA461C700CDA7E9 /* backpueple@2x.png */,
				2A96B5611AA461C700CDA7E9 /* backpueple@3x.png */,
				2A252D0D1AA19B82004BAB9C /* back@2x.png */,
				2A252D0E1AA19B82004BAB9C /* back@3x.png */,
				2A252D0F1AA19B82004BAB9C /* btn_next@2x.png */,
				2A252D101AA19B82004BAB9C /* btn_next@3x.png */,
				2A252D111AA19B82004BAB9C /* btn_resend@2x.png */,
				2A252D121AA19B82004BAB9C /* btn_resend@3x.png */,
				2A252D131AA19B82004BAB9C /* icon_logopurple@2x.png */,
				2A252D141AA19B82004BAB9C /* icon_logopurple@3x.png */,
				2A252D151AA19B82004BAB9C /* icon_logowhite@2x.png */,
				2A252D161AA19B82004BAB9C /* icon_logowhite@3x.png */,
				2A252D171AA19B82004BAB9C /* icon_smscode@2x.png */,
				2A252D291AA19BC3004BAB9C /* icon_smscode@3x.png */,
				2A252D191AA19B82004BAB9C /* sdk-help@2x.png */,
				2A252D1A1AA19B82004BAB9C /* sdk-help@3x.png */,
				2A252D091AA199A4004BAB9C /* keypaddelete@2x.png */,
				2A252D0A1AA199A4004BAB9C /* keypaddelete@3x.png */,
				2A252D071AA198BE004BAB9C /* btn_close@3x.png */,
				2A252D051AA19893004BAB9C /* btn_close@2x.png */,
			);
			path = Images;
			sourceTree = "<group>";
		};
/* End PBXGroup section */

/* Begin PBXNativeTarget section */
		2A39BC211A2EE81300B9D551 /* PierPaySDK */ = {
			isa = PBXNativeTarget;
			buildConfigurationList = 2A39BC361A2EE81300B9D551 /* Build configuration list for PBXNativeTarget "PierPaySDK" */;
			buildPhases = (
				2A39BC1E1A2EE81300B9D551 /* Sources */,
				2A39BC1F1A2EE81300B9D551 /* Frameworks */,
				2A39BC201A2EE81300B9D551 /* CopyFiles */,
			);
			buildRules = (
			);
			dependencies = (
			);
			name = PierPaySDK;
			productName = PierPaySDK;
			productReference = 2A39BC221A2EE81300B9D551 /* libPierPaySDK.a */;
			productType = "com.apple.product-type.library.static";
		};
		2A39BC2C1A2EE81300B9D551 /* PierPaySDKTests */ = {
			isa = PBXNativeTarget;
			buildConfigurationList = 2A39BC391A2EE81300B9D551 /* Build configuration list for PBXNativeTarget "PierPaySDKTests" */;
			buildPhases = (
				2A39BC291A2EE81300B9D551 /* Sources */,
				2A39BC2A1A2EE81300B9D551 /* Frameworks */,
				2A39BC2B1A2EE81300B9D551 /* Resources */,
			);
			buildRules = (
			);
			dependencies = (
				2A39BC301A2EE81300B9D551 /* PBXTargetDependency */,
			);
			name = PierPaySDKTests;
			productName = PierPaySDKTests;
			productReference = 2A39BC2D1A2EE81300B9D551 /* PierPaySDKTests.xctest */;
			productType = "com.apple.product-type.bundle.unit-test";
		};
		2AF42D8B1A306CC90076DEC4 /* PierResource */ = {
			isa = PBXNativeTarget;
			buildConfigurationList = 2AF42D901A306CC90076DEC4 /* Build configuration list for PBXNativeTarget "PierResource" */;
			buildPhases = (
				2AF42D881A306CC90076DEC4 /* Sources */,
				2AF42D891A306CC90076DEC4 /* Frameworks */,
				2AF42D8A1A306CC90076DEC4 /* Resources */,
			);
			buildRules = (
			);
			dependencies = (
			);
			name = PierResource;
			productName = PierPayBundle;
			productReference = 2AF42D8C1A306CC90076DEC4 /* PierResource.bundle */;
			productType = "com.apple.product-type.bundle";
		};
/* End PBXNativeTarget section */

/* Begin PBXProject section */
		2A39BC1A1A2EE81300B9D551 /* Project object */ = {
			isa = PBXProject;
			attributes = {
				LastUpgradeCheck = 0610;
				ORGANIZATIONNAME = Pier.Inc;
				TargetAttributes = {
					2A39BC211A2EE81300B9D551 = {
						CreatedOnToolsVersion = 6.1;
					};
					2A39BC2C1A2EE81300B9D551 = {
						CreatedOnToolsVersion = 6.1;
					};
					2AF42D8B1A306CC90076DEC4 = {
						CreatedOnToolsVersion = 6.1;
					};
				};
			};
			buildConfigurationList = 2A39BC1D1A2EE81300B9D551 /* Build configuration list for PBXProject "PierPaySDK" */;
			compatibilityVersion = "Xcode 3.2";
			developmentRegion = English;
			hasScannedForEncodings = 0;
			knownRegions = (
				en,
			);
			mainGroup = 2A39BC191A2EE81300B9D551;
			productRefGroup = 2A39BC231A2EE81300B9D551 /* Products */;
			projectDirPath = "";
			projectRoot = "";
			targets = (
				2A39BC211A2EE81300B9D551 /* PierPaySDK */,
				2AF42D8B1A306CC90076DEC4 /* PierResource */,
				2A39BC2C1A2EE81300B9D551 /* PierPaySDKTests */,
			);
		};
/* End PBXProject section */

/* Begin PBXResourcesBuildPhase section */
		2A39BC2B1A2EE81300B9D551 /* Resources */ = {
			isa = PBXResourcesBuildPhase;
			buildActionMask = 2147483647;
			files = (
			);
			runOnlyForDeploymentPostprocessing = 0;
		};
		2AF42D8A1A306CC90076DEC4 /* Resources */ = {
			isa = PBXResourcesBuildPhase;
			buildActionMask = 2147483647;
			files = (
				2A252D281AA19B82004BAB9C /* sdk-help@3x.png in Resources */,
				2A252D061AA19893004BAB9C /* btn_close@2x.png in Resources */,
				2A252D1B1AA19B82004BAB9C /* back@2x.png in Resources */,
				2A252D1F1AA19B82004BAB9C /* btn_resend@2x.png in Resources */,
				2A96B5621AA461C700CDA7E9 /* backpueple@2x.png in Resources */,
				2A252D221AA19B82004BAB9C /* icon_logopurple@3x.png in Resources */,
				2A252D271AA19B82004BAB9C /* sdk-help@2x.png in Resources */,
				2A252D0B1AA199A4004BAB9C /* keypaddelete@2x.png in Resources */,
				2A252D241AA19B82004BAB9C /* icon_logowhite@3x.png in Resources */,
				2A252D521AA1C945004BAB9C /* PierSiginCells.xib in Resources */,
				2A6EA30C1AA5A14800E8B340 /* PierCreditApproveViewController.xib in Resources */,
				2A252D471AA1C0EE004BAB9C /* PierCreditApplyController.xib in Resources */,
				2A96B56F1AA465CF00CDA7E9 /* PierRegisterViewController.xib in Resources */,
				2A252D081AA198BE004BAB9C /* btn_close@3x.png in Resources */,
				2ACCFEBC1A775D4500A5BAC5 /* PierAlertView.xib in Resources */,
				2AF42D931A306D9B0076DEC4 /* PierPayRootViewController.xib in Resources */,
				2ACCFEB41A77340D00A5BAC5 /* PierLoginViewController1.xib in Resources */,
				2A96B5631AA461C700CDA7E9 /* backpueple@3x.png in Resources */,
				2A252D201AA19B82004BAB9C /* btn_resend@3x.png in Resources */,
				2A252D0C1AA199A4004BAB9C /* keypaddelete@3x.png in Resources */,
				2A252D1D1AA19B82004BAB9C /* btn_next@2x.png in Resources */,
				2A252D231AA19B82004BAB9C /* icon_logowhite@2x.png in Resources */,
				2A252D251AA19B82004BAB9C /* icon_smscode@2x.png in Resources */,
				2A252D2A1AA19BC3004BAB9C /* icon_smscode@3x.png in Resources */,
				2A252D1E1AA19B82004BAB9C /* btn_next@3x.png in Resources */,
				2A96B5691AA464B600CDA7E9 /* PierSiginViewController.xib in Resources */,
				2A252D211AA19B82004BAB9C /* icon_logopurple@2x.png in Resources */,
				2A252D411AA1BA58004BAB9C /* PierLoginViewController.xib in Resources */,
				2A252D1C1AA19B82004BAB9C /* back@3x.png in Resources */,
			);
			runOnlyForDeploymentPostprocessing = 0;
		};
/* End PBXResourcesBuildPhase section */

/* Begin PBXSourcesBuildPhase section */
		2A39BC1E1A2EE81300B9D551 /* Sources */ = {
			isa = PBXSourcesBuildPhase;
			buildActionMask = 2147483647;
			files = (
				2A252D321AA1AF4C004BAB9C /* PIRViewUtil.m in Sources */,
				2ACCFEB91A775B9000A5BAC5 /* PierAlertView.m in Sources */,
				2A6273B21AA6F1D400BEC05C /* PierPayService.m in Sources */,
				2ACCFEC01A775FA000A5BAC5 /* PierColor.m in Sources */,
				2A252D3F1AA1BA58004BAB9C /* PierLoginViewController.m in Sources */,
				2A252D4F1AA1C4E8004BAB9C /* PierSiginCells.m in Sources */,
				2A77977A1A3E764F00F5DF36 /* PIRHttpClient.m in Sources */,
				2A6EA3051AA579CD00E8B340 /* PIRDataSource.m in Sources */,
				2ACCFEC81A776A4500A5BAC5 /* PierTools.m in Sources */,
				2A252D4B1AA1C4D0004BAB9C /* PierSiginViewModel.m in Sources */,
				2ACCFECC1A77722700A5BAC5 /* PIRKeyboard.m in Sources */,
				2A96B55B1AA429CA00CDA7E9 /* RPFloatingPlaceholderTextView.m in Sources */,
				2ABF82591A65281C00BEEAF6 /* PIRService.m in Sources */,
				2ABF82451A64E28800BEEAF6 /* JSONKit.m in Sources */,
				2A77977D1A3E865D00F5DF36 /* PIRHttpExecutor.m in Sources */,
				2A96B55A1AA429CA00CDA7E9 /* RPFloatingPlaceholderTextField.m in Sources */,
				2A252D361AA1B081004BAB9C /* NSString+Check.m in Sources */,
				2A252D451AA1C0EE004BAB9C /* PierCreditApplyController.m in Sources */,
				2ACCFEB21A77340D00A5BAC5 /* PierLoginViewController1.m in Sources */,
				2AC461E61A75FA0300DD2C49 /* PIRPayModel.m in Sources */,
				2AC84ED71A2EFCA600920073 /* PIRJSONModel.m in Sources */,
				2A96B56D1AA465CF00CDA7E9 /* PierRegisterViewController.m in Sources */,
				2A6EA3011AA5583200E8B340 /* PIRStopWatchView.m in Sources */,
				2ACCFEAE1A772AD300A5BAC5 /* PierPay.m in Sources */,
				2A252CDB1AA166A7004BAB9C /* PierFont.m in Sources */,
				2A252D3A1AA1B0AB004BAB9C /* PIRDateUtil.m in Sources */,
				2A96B5671AA464B600CDA7E9 /* PierSiginViewController.m in Sources */,
				2A6EA30A1AA5A14800E8B340 /* PierCreditApproveViewController.m in Sources */,
			);
			runOnlyForDeploymentPostprocessing = 0;
		};
		2A39BC291A2EE81300B9D551 /* Sources */ = {
			isa = PBXSourcesBuildPhase;
			buildActionMask = 2147483647;
			files = (
			);
			runOnlyForDeploymentPostprocessing = 0;
		};
		2AF42D881A306CC90076DEC4 /* Sources */ = {
			isa = PBXSourcesBuildPhase;
			buildActionMask = 2147483647;
			files = (
				2A252D3B1AA1B0AB004BAB9C /* PIRDateUtil.m in Sources */,
				2A252D501AA1C4E8004BAB9C /* PierSiginCells.m in Sources */,
				2A6273B31AA6F1D400BEC05C /* PierPayService.m in Sources */,
				2ACCFED61A7782F600A5BAC5 /* PIRHttpExecutor.m in Sources */,
				2ACCFED51A7782EE00A5BAC5 /* PIRService.m in Sources */,
				2A96B56E1AA465CF00CDA7E9 /* PierRegisterViewController.m in Sources */,
				2ACCFED41A7782E100A5BAC5 /* PIRJSONModel.m in Sources */,
				2ACCFED31A7782DC00A5BAC5 /* PIRHttpClient.m in Sources */,
				2A252D371AA1B081004BAB9C /* NSString+Check.m in Sources */,
				2ACCFED21A7782C700A5BAC5 /* JSONKit.m in Sources */,
				2A252D461AA1C0EE004BAB9C /* PierCreditApplyController.m in Sources */,
				2ACCFED11A7782A800A5BAC5 /* PIRPayModel.m in Sources */,
				2A252D4C1AA1C4D0004BAB9C /* PierSiginViewModel.m in Sources */,
				2ACCFEB31A77340D00A5BAC5 /* PierLoginViewController1.m in Sources */,
				2ACCFEC11A775FA000A5BAC5 /* PierColor.m in Sources */,
				2A6EA3021AA5583200E8B340 /* PIRStopWatchView.m in Sources */,
				2A96B5681AA464B600CDA7E9 /* PierSiginViewController.m in Sources */,
				2ACCFECD1A77722700A5BAC5 /* PIRKeyboard.m in Sources */,
				2A6EA30B1AA5A14800E8B340 /* PierCreditApproveViewController.m in Sources */,
				2A252D331AA1AF4C004BAB9C /* PIRViewUtil.m in Sources */,
				2A252D401AA1BA58004BAB9C /* PierLoginViewController.m in Sources */,
				2ACCFEBA1A775B9000A5BAC5 /* PierAlertView.m in Sources */,
				2A252CDC1AA166A7004BAB9C /* PierFont.m in Sources */,
				2A6EA3061AA579CD00E8B340 /* PIRDataSource.m in Sources */,
				2ACCFEC91A776A4500A5BAC5 /* PierTools.m in Sources */,
			);
			runOnlyForDeploymentPostprocessing = 0;
		};
/* End PBXSourcesBuildPhase section */

/* Begin PBXTargetDependency section */
		2A39BC301A2EE81300B9D551 /* PBXTargetDependency */ = {
			isa = PBXTargetDependency;
			target = 2A39BC211A2EE81300B9D551 /* PierPaySDK */;
			targetProxy = 2A39BC2F1A2EE81300B9D551 /* PBXContainerItemProxy */;
		};
/* End PBXTargetDependency section */

/* Begin XCBuildConfiguration section */
		2A39BC341A2EE81300B9D551 /* Debug */ = {
			isa = XCBuildConfiguration;
			buildSettings = {
				ALWAYS_SEARCH_USER_PATHS = NO;
				ARCHS = "$(ARCHS_STANDARD)";
				CLANG_CXX_LANGUAGE_STANDARD = "gnu++0x";
				CLANG_CXX_LIBRARY = "libc++";
				CLANG_ENABLE_MODULES = YES;
				CLANG_ENABLE_OBJC_ARC = YES;
				CLANG_WARN_BOOL_CONVERSION = YES;
				CLANG_WARN_CONSTANT_CONVERSION = YES;
				CLANG_WARN_DIRECT_OBJC_ISA_USAGE = YES_ERROR;
				CLANG_WARN_EMPTY_BODY = YES;
				CLANG_WARN_ENUM_CONVERSION = YES;
				CLANG_WARN_INT_CONVERSION = YES;
				CLANG_WARN_OBJC_ROOT_CLASS = YES_ERROR;
				CLANG_WARN_UNREACHABLE_CODE = YES;
				CLANG_WARN__DUPLICATE_METHOD_MATCH = YES;
				CODE_SIGN_IDENTITY = "iPhone Developer: ma yan (9EM569XD45)";
				COPY_PHASE_STRIP = NO;
				ENABLE_STRICT_OBJC_MSGSEND = NO;
				GCC_C_LANGUAGE_STANDARD = gnu99;
				GCC_DYNAMIC_NO_PIC = NO;
				GCC_OPTIMIZATION_LEVEL = 0;
				GCC_PREPROCESSOR_DEFINITIONS = (
					"DEBUG=1",
					"$(inherited)",
				);
				GCC_SYMBOLS_PRIVATE_EXTERN = NO;
				GCC_WARN_64_TO_32_BIT_CONVERSION = YES;
				GCC_WARN_ABOUT_RETURN_TYPE = YES_ERROR;
				GCC_WARN_UNDECLARED_SELECTOR = YES;
				GCC_WARN_UNINITIALIZED_AUTOS = YES_AGGRESSIVE;
				GCC_WARN_UNUSED_FUNCTION = YES;
				GCC_WARN_UNUSED_VARIABLE = YES;
				HEADER_SEARCH_PATHS = (
					"$(inherited)",
					/Applications/Xcode.app/Contents/Developer/Toolchains/XcodeDefault.xctoolchain/usr/include,
				);
				IPHONEOS_DEPLOYMENT_TARGET = 6.0;
				LIBRARY_SEARCH_PATHS = "";
				MTL_ENABLE_DEBUG_INFO = YES;
				ONLY_ACTIVE_ARCH = YES;
				OTHER_LDFLAGS = "-ObjC";
				PROVISIONING_PROFILE = "a6df27fe-cd63-4fa8-8c1e-75d90fbf3f0f";
				SDKROOT = iphoneos;
				VALID_ARCHS = "armv7 arm64 armv7s";
			};
			name = Debug;
		};
		2A39BC351A2EE81300B9D551 /* Release */ = {
			isa = XCBuildConfiguration;
			buildSettings = {
				ALWAYS_SEARCH_USER_PATHS = NO;
				ARCHS = "$(ARCHS_STANDARD)";
				CLANG_CXX_LANGUAGE_STANDARD = "gnu++0x";
				CLANG_CXX_LIBRARY = "libc++";
				CLANG_ENABLE_MODULES = YES;
				CLANG_ENABLE_OBJC_ARC = YES;
				CLANG_WARN_BOOL_CONVERSION = YES;
				CLANG_WARN_CONSTANT_CONVERSION = YES;
				CLANG_WARN_DIRECT_OBJC_ISA_USAGE = YES_ERROR;
				CLANG_WARN_EMPTY_BODY = YES;
				CLANG_WARN_ENUM_CONVERSION = YES;
				CLANG_WARN_INT_CONVERSION = YES;
				CLANG_WARN_OBJC_ROOT_CLASS = YES_ERROR;
				CLANG_WARN_UNREACHABLE_CODE = YES;
				CLANG_WARN__DUPLICATE_METHOD_MATCH = YES;
				CODE_SIGN_IDENTITY = "iPhone Developer: ma yan (9EM569XD45)";
				COPY_PHASE_STRIP = YES;
				ENABLE_NS_ASSERTIONS = NO;
				ENABLE_STRICT_OBJC_MSGSEND = NO;
				GCC_C_LANGUAGE_STANDARD = gnu99;
				GCC_WARN_64_TO_32_BIT_CONVERSION = YES;
				GCC_WARN_ABOUT_RETURN_TYPE = YES_ERROR;
				GCC_WARN_UNDECLARED_SELECTOR = YES;
				GCC_WARN_UNINITIALIZED_AUTOS = YES_AGGRESSIVE;
				GCC_WARN_UNUSED_FUNCTION = YES;
				GCC_WARN_UNUSED_VARIABLE = YES;
				HEADER_SEARCH_PATHS = (
					"$(inherited)",
					/Applications/Xcode.app/Contents/Developer/Toolchains/XcodeDefault.xctoolchain/usr/include,
				);
				IPHONEOS_DEPLOYMENT_TARGET = 6.0;
				LIBRARY_SEARCH_PATHS = "";
				MTL_ENABLE_DEBUG_INFO = NO;
				OTHER_LDFLAGS = "-ObjC";
				PROVISIONING_PROFILE = "a6df27fe-cd63-4fa8-8c1e-75d90fbf3f0f";
				SDKROOT = iphoneos;
				VALIDATE_PRODUCT = YES;
				VALID_ARCHS = "armv7 arm64 armv7s";
			};
			name = Release;
		};
		2A39BC371A2EE81300B9D551 /* Debug */ = {
			isa = XCBuildConfiguration;
			buildSettings = {
				ARCHS = "$(ARCHS_STANDARD)";
				DEBUG_INFORMATION_FORMAT = dwarf;
				ENABLE_STRICT_OBJC_MSGSEND = NO;
				HEADER_SEARCH_PATHS = (
					"$(inherited)",
					/Applications/Xcode.app/Contents/Developer/Toolchains/XcodeDefault.xctoolchain/usr/include,
				);
				LIBRARY_SEARCH_PATHS = "";
				OTHER_LDFLAGS = "-ObjC";
				PRODUCT_NAME = "$(TARGET_NAME)";
				SKIP_INSTALL = YES;
				VALID_ARCHS = "armv7 armv7s arm64";
			};
			name = Debug;
		};
		2A39BC381A2EE81300B9D551 /* Release */ = {
			isa = XCBuildConfiguration;
			buildSettings = {
				ARCHS = "$(ARCHS_STANDARD)";
				DEBUG_INFORMATION_FORMAT = dwarf;
				ENABLE_STRICT_OBJC_MSGSEND = NO;
				HEADER_SEARCH_PATHS = (
					"$(inherited)",
					/Applications/Xcode.app/Contents/Developer/Toolchains/XcodeDefault.xctoolchain/usr/include,
				);
				LIBRARY_SEARCH_PATHS = "";
				OTHER_LDFLAGS = "-ObjC";
				PRODUCT_NAME = "$(TARGET_NAME)";
				SKIP_INSTALL = YES;
				VALID_ARCHS = "armv7 armv7s arm64";
			};
			name = Release;
		};
		2A39BC3A1A2EE81300B9D551 /* Debug */ = {
			isa = XCBuildConfiguration;
			buildSettings = {
				FRAMEWORK_SEARCH_PATHS = (
					"$(SDKROOT)/Developer/Library/Frameworks",
					"$(inherited)",
				);
				GCC_PREPROCESSOR_DEFINITIONS = (
					"DEBUG=1",
					"$(inherited)",
				);
				INFOPLIST_FILE = PierPaySDKTests/Info.plist;
				LD_RUNPATH_SEARCH_PATHS = "$(inherited) @executable_path/Frameworks @loader_path/Frameworks";
				PRODUCT_NAME = "$(TARGET_NAME)";
			};
			name = Debug;
		};
		2A39BC3B1A2EE81300B9D551 /* Release */ = {
			isa = XCBuildConfiguration;
			buildSettings = {
				FRAMEWORK_SEARCH_PATHS = (
					"$(SDKROOT)/Developer/Library/Frameworks",
					"$(inherited)",
				);
				INFOPLIST_FILE = PierPaySDKTests/Info.plist;
				LD_RUNPATH_SEARCH_PATHS = "$(inherited) @executable_path/Frameworks @loader_path/Frameworks";
				PRODUCT_NAME = "$(TARGET_NAME)";
			};
			name = Release;
		};
		2AF42D911A306CC90076DEC4 /* Debug */ = {
			isa = XCBuildConfiguration;
			buildSettings = {
				ARCHS = (
					armv7,
					armv7s,
					arm64,
				);
				COMBINE_HIDPI_IMAGES = YES;
				ENABLE_STRICT_OBJC_MSGSEND = YES;
				GCC_PREPROCESSOR_DEFINITIONS = (
					"DEBUG=1",
					"$(inherited)",
				);
				INFOPLIST_FILE = PierPayBundle/Info.plist;
				INSTALL_PATH = "$(LOCAL_LIBRARY_DIR)/Bundles";
				MACOSX_DEPLOYMENT_TARGET = 10.10;
				PRODUCT_NAME = "$(TARGET_NAME)";
				SDKROOT = macosx;
				SKIP_INSTALL = YES;
				SUPPORTED_PLATFORMS = "iphonesimulator iphoneos";
				USER_HEADER_SEARCH_PATHS = "$(BUILT_PRODUCTS_DIR)";
				WRAPPER_EXTENSION = bundle;
			};
			name = Debug;
		};
		2AF42D921A306CC90076DEC4 /* Release */ = {
			isa = XCBuildConfiguration;
			buildSettings = {
				ARCHS = (
					armv7,
					armv7s,
					arm64,
				);
				COMBINE_HIDPI_IMAGES = YES;
				DEBUG_INFORMATION_FORMAT = "dwarf-with-dsym";
				ENABLE_STRICT_OBJC_MSGSEND = YES;
				INFOPLIST_FILE = PierPayBundle/Info.plist;
				INSTALL_PATH = "$(LOCAL_LIBRARY_DIR)/Bundles";
				MACOSX_DEPLOYMENT_TARGET = 10.10;
				PRODUCT_NAME = "$(TARGET_NAME)";
				SDKROOT = macosx;
				SKIP_INSTALL = YES;
				SUPPORTED_PLATFORMS = "iphonesimulator iphoneos";
				USER_HEADER_SEARCH_PATHS = "$(BUILT_PRODUCTS_DIR)";
				WRAPPER_EXTENSION = bundle;
			};
			name = Release;
		};
/* End XCBuildConfiguration section */

/* Begin XCConfigurationList section */
		2A39BC1D1A2EE81300B9D551 /* Build configuration list for PBXProject "PierPaySDK" */ = {
			isa = XCConfigurationList;
			buildConfigurations = (
				2A39BC341A2EE81300B9D551 /* Debug */,
				2A39BC351A2EE81300B9D551 /* Release */,
			);
			defaultConfigurationIsVisible = 0;
			defaultConfigurationName = Release;
		};
		2A39BC361A2EE81300B9D551 /* Build configuration list for PBXNativeTarget "PierPaySDK" */ = {
			isa = XCConfigurationList;
			buildConfigurations = (
				2A39BC371A2EE81300B9D551 /* Debug */,
				2A39BC381A2EE81300B9D551 /* Release */,
			);
			defaultConfigurationIsVisible = 0;
			defaultConfigurationName = Release;
		};
		2A39BC391A2EE81300B9D551 /* Build configuration list for PBXNativeTarget "PierPaySDKTests" */ = {
			isa = XCConfigurationList;
			buildConfigurations = (
				2A39BC3A1A2EE81300B9D551 /* Debug */,
				2A39BC3B1A2EE81300B9D551 /* Release */,
			);
			defaultConfigurationIsVisible = 0;
			defaultConfigurationName = Release;
		};
		2AF42D901A306CC90076DEC4 /* Build configuration list for PBXNativeTarget "PierResource" */ = {
			isa = XCConfigurationList;
			buildConfigurations = (
				2AF42D911A306CC90076DEC4 /* Debug */,
				2AF42D921A306CC90076DEC4 /* Release */,
			);
			defaultConfigurationIsVisible = 0;
			defaultConfigurationName = Release;
		};
/* End XCConfigurationList section */
	};
	rootObject = 2A39BC1A1A2EE81300B9D551 /* Project object */;
}
